
Microsoft Visual Studio Solution File, Format Version 12.00
# Visual Studio Version 17
VisualStudioVersion = 17.5.33502.453
MinimumVisualStudioVersion = 10.0.40219.1
Project("{FAE04EC0-301F-11D3-BF4B-00C04F79EFBC}") = "practice", "practice\practice.csproj", "{7F464ADD-833E-4AE6-9A60-6DEF8864A061}"
EndProject
Global
	GlobalSection(SolutionConfigurationPlatforms) = preSolution
		Debug|Any CPU = Debug|Any CPU
		Release|Any CPU = Release|Any CPU
	EndGlobalSection
	GlobalSection(ProjectConfigurationPlatforms) = postSolution
		{7F464ADD-833E-4AE6-9A60-6DEF8864A061}.Debug|Any CPU.ActiveCfg = Debug|Any CPU
		{7F464ADD-833E-4AE6-9A60-6DEF8864A061}.Debug|Any CPU.Build.0 = Debug|Any CPU
		{7F464ADD-833E-4AE6-9A60-6DEF8864A061}.Release|Any CPU.ActiveCfg = Release|Any CPU
		{7F464ADD-833E-4AE6-9A60-6DEF8864A061}.Release|Any CPU.Build.0 = Release|Any CPU
	EndGlobalSection
	GlobalSection(SolutionProperties) = preSolution
		HideSolutionNode = FALSE
	EndGlobalSection
	GlobalSection(ExtensibilityGlobals) = postSolution
		SolutionGuid = {5C8A70E9-B6DB-4046-9D06-FE65D4BAE232}
	EndGlobalSection
EndGlobal
